
Microsoft Visual Studio Solution File, Format Version 12.00
# Visual Studio Version 17
VisualStudioVersion = 17.1.32228.430
MinimumVisualStudioVersion = 10.0.40219.1
Project("{2150E333-8FDC-42A3-9474-1A3956D46DE8}") = "Palindromes", "Palindromes", "{F4D1D068-30C8-4B6A-B3E2-DC201C7B828A}"
EndProject
Project("{9A19103F-16F7-4668-BE54-9A1E7A4F7556}") = "Fun.With.Dev.Palindromes.Console", "Palindromes\Palindromes\Fun.With.Dev.Palindromes.Console.csproj", "{3AD7BFB5-A016-4467-925F-6B735200924B}"
EndProject
Project("{2150E333-8FDC-42A3-9474-1A3956D46DE8}") = "FizzBuzz", "FizzBuzz", "{0C8D3603-EAB9-4B3B-99F9-9DAF1829E129}"
EndProject
Project("{2150E333-8FDC-42A3-9474-1A3956D46DE8}") = "Reversals", "Reversals", "{3EC7B5D6-28A0-4CA0-8B15-D61FD7F6CA90}"
EndProject
Project("{2150E333-8FDC-42A3-9474-1A3956D46DE8}") = "Contracts", "Contracts", "{22DA364E-0AE8-4000-AE2B-6E1DC69D9D89}"
EndProject
Project("{2150E333-8FDC-42A3-9474-1A3956D46DE8}") = "API", "API", "{864D0EB0-7948-433D-A162-49BDBA319F64}"
EndProject
Project("{2150E333-8FDC-42A3-9474-1A3956D46DE8}") = "Managers", "Managers", "{A20EC7BE-2FB5-446E-BA6A-39F3CA08AA09}"
EndProject
Project("{2150E333-8FDC-42A3-9474-1A3956D46DE8}") = "API", "API", "{D833328E-10FB-4E8D-BB60-9453DF844405}"
EndProject
Project("{2150E333-8FDC-42A3-9474-1A3956D46DE8}") = "Contracts", "Contracts", "{F1E3532E-6704-4DF3-9713-04DB1EF2576D}"
EndProject
Project("{2150E333-8FDC-42A3-9474-1A3956D46DE8}") = "Managers", "Managers", "{0A8D6532-91A9-44AF-9DC5-1DE02F000158}"
EndProject
Project("{2150E333-8FDC-42A3-9474-1A3956D46DE8}") = "API", "API", "{76A0D7B7-94D0-406A-BD28-27084CAD5ADB}"
EndProject
Project("{2150E333-8FDC-42A3-9474-1A3956D46DE8}") = "Tests", "Tests", "{34802C56-7835-4BB4-8674-04C8E88241EA}"
EndProject
Project("{2150E333-8FDC-42A3-9474-1A3956D46DE8}") = "Tests", "Tests", "{1DF35352-034F-411A-8FCE-0739EE68F720}"
EndProject
Project("{2150E333-8FDC-42A3-9474-1A3956D46DE8}") = "Contracts", "Contracts", "{E0C7B1FD-46DE-4C2D-96A8-CF3ED561AC52}"
EndProject
Project("{2150E333-8FDC-42A3-9474-1A3956D46DE8}") = "Managers", "Managers", "{DC983B73-770E-4D9F-9972-68BCB21A102A}"
EndProject
Project("{2150E333-8FDC-42A3-9474-1A3956D46DE8}") = "Tests", "Tests", "{2B6702D7-1DC9-4D09-9EA1-20A03F645DA6}"
EndProject
Global
	GlobalSection(SolutionConfigurationPlatforms) = preSolution
		Debug|Any CPU = Debug|Any CPU
		Release|Any CPU = Release|Any CPU
	EndGlobalSection
	GlobalSection(ProjectConfigurationPlatforms) = postSolution
		{3AD7BFB5-A016-4467-925F-6B735200924B}.Debug|Any CPU.ActiveCfg = Debug|Any CPU
		{3AD7BFB5-A016-4467-925F-6B735200924B}.Debug|Any CPU.Build.0 = Debug|Any CPU
		{3AD7BFB5-A016-4467-925F-6B735200924B}.Release|Any CPU.ActiveCfg = Release|Any CPU
		{3AD7BFB5-A016-4467-925F-6B735200924B}.Release|Any CPU.Build.0 = Release|Any CPU
	EndGlobalSection
	GlobalSection(SolutionProperties) = preSolution
		HideSolutionNode = FALSE
	EndGlobalSection
	GlobalSection(NestedProjects) = preSolution
		{3AD7BFB5-A016-4467-925F-6B735200924B} = {F4D1D068-30C8-4B6A-B3E2-DC201C7B828A}
		{22DA364E-0AE8-4000-AE2B-6E1DC69D9D89} = {F4D1D068-30C8-4B6A-B3E2-DC201C7B828A}
		{864D0EB0-7948-433D-A162-49BDBA319F64} = {F4D1D068-30C8-4B6A-B3E2-DC201C7B828A}
		{A20EC7BE-2FB5-446E-BA6A-39F3CA08AA09} = {F4D1D068-30C8-4B6A-B3E2-DC201C7B828A}
		{D833328E-10FB-4E8D-BB60-9453DF844405} = {3EC7B5D6-28A0-4CA0-8B15-D61FD7F6CA90}
		{F1E3532E-6704-4DF3-9713-04DB1EF2576D} = {3EC7B5D6-28A0-4CA0-8B15-D61FD7F6CA90}
		{0A8D6532-91A9-44AF-9DC5-1DE02F000158} = {3EC7B5D6-28A0-4CA0-8B15-D61FD7F6CA90}
		{76A0D7B7-94D0-406A-BD28-27084CAD5ADB} = {0C8D3603-EAB9-4B3B-99F9-9DAF1829E129}
		{34802C56-7835-4BB4-8674-04C8E88241EA} = {F4D1D068-30C8-4B6A-B3E2-DC201C7B828A}
		{1DF35352-034F-411A-8FCE-0739EE68F720} = {3EC7B5D6-28A0-4CA0-8B15-D61FD7F6CA90}
		{E0C7B1FD-46DE-4C2D-96A8-CF3ED561AC52} = {0C8D3603-EAB9-4B3B-99F9-9DAF1829E129}
		{DC983B73-770E-4D9F-9972-68BCB21A102A} = {0C8D3603-EAB9-4B3B-99F9-9DAF1829E129}
		{2B6702D7-1DC9-4D09-9EA1-20A03F645DA6} = {0C8D3603-EAB9-4B3B-99F9-9DAF1829E129}
	EndGlobalSection
	GlobalSection(ExtensibilityGlobals) = postSolution
		SolutionGuid = {11668F02-3A95-4EFB-AD72-E8DDC0BBFC05}
	EndGlobalSection
EndGlobal
