
Microsoft Visual Studio Solution File, Format Version 12.00
# Visual Studio Version 17
VisualStudioVersion = 17.2.32616.157
MinimumVisualStudioVersion = 10.0.40219.1
Project("{2150E333-8FDC-42A3-9474-1A3956D46DE8}") = "UI", "UI", "{C85E56D9-1B14-407C-AF76-FF18EADAEB8D}"
EndProject
Project("{2150E333-8FDC-42A3-9474-1A3956D46DE8}") = "Services", "Services", "{E25E0797-0D81-4BC8-BF14-9007B1AFD2F7}"
EndProject
Project("{2150E333-8FDC-42A3-9474-1A3956D46DE8}") = "BusinessLogic", "BusinessLogic", "{1F189DD0-A8AC-42B2-A638-43F9B278B2B0}"
EndProject
Project("{2150E333-8FDC-42A3-9474-1A3956D46DE8}") = "Contracts", "Contracts", "{55F592CB-CAD4-4453-AAB4-0FE12D2BD18B}"
EndProject
Project("{2150E333-8FDC-42A3-9474-1A3956D46DE8}") = "Tests", "Tests", "{DA569391-73C7-43AA-8474-858DBB7A764C}"
EndProject
Project("{2150E333-8FDC-42A3-9474-1A3956D46DE8}") = "DataAccess", "DataAccess", "{3DA897FB-B131-47A4-ADE8-67420B86D94D}"
EndProject
Project("{9A19103F-16F7-4668-BE54-9A1E7A4F7556}") = "Fun.With.Dev.Palindromes.Console", "Palindromes\Fun.With.Dev.Palindromes.Console.csproj", "{79085F15-3058-40F4-97EA-76AB86957E6B}"
EndProject
Project("{9A19103F-16F7-4668-BE54-9A1E7A4F7556}") = "Fun.With.Dev.Palindromes.Manager", "Fun.With.Dev.Palindromes.Manager\Fun.With.Dev.Palindromes.Manager.csproj", "{83AF0913-FF0B-40BA-984D-6A416D343A92}"
EndProject
Project("{9A19103F-16F7-4668-BE54-9A1E7A4F7556}") = "Fun.With.Dev.Palindromes.Contracts", "Fun.With.Dev.Palindromes.Contracts\Fun.With.Dev.Palindromes.Contracts.csproj", "{F3D7C57D-258C-4F4E-AB2B-ABBCC3698414}"
EndProject
Project("{9A19103F-16F7-4668-BE54-9A1E7A4F7556}") = "Fun.With.Dev.Palindromes.Tests", "Fun.With.Dev.Palindromes.Tests\Fun.With.Dev.Palindromes.Tests.csproj", "{45D0498B-0357-4224-B303-9DD9AECD4F26}"
EndProject
Project("{9A19103F-16F7-4668-BE54-9A1E7A4F7556}") = "Fun.With.Dev.Palindromes.API", "Fun.With.Dev.Palindromes.API\Fun.With.Dev.Palindromes.API.csproj", "{D14B083C-0C20-4BE2-A899-DC13AF75198D}"
EndProject
Project("{9092AA53-FB77-4645-B42D-1CCCA6BD08BD}") = "Fun.With.Dev.Palindromes.UI.Nodejs", "Fun.With.Dev.Palindromes.UI.Nodejs\Fun.With.Dev.Palindromes.UI.Nodejs.njsproj", "{969CA401-EF59-4FBC-A444-9FB51C42ED38}"
EndProject
Global
	GlobalSection(SolutionConfigurationPlatforms) = preSolution
		Debug|Any CPU = Debug|Any CPU
		Release|Any CPU = Release|Any CPU
	EndGlobalSection
	GlobalSection(ProjectConfigurationPlatforms) = postSolution
		{79085F15-3058-40F4-97EA-76AB86957E6B}.Debug|Any CPU.ActiveCfg = Debug|Any CPU
		{79085F15-3058-40F4-97EA-76AB86957E6B}.Debug|Any CPU.Build.0 = Debug|Any CPU
		{79085F15-3058-40F4-97EA-76AB86957E6B}.Release|Any CPU.ActiveCfg = Release|Any CPU
		{79085F15-3058-40F4-97EA-76AB86957E6B}.Release|Any CPU.Build.0 = Release|Any CPU
		{83AF0913-FF0B-40BA-984D-6A416D343A92}.Debug|Any CPU.ActiveCfg = Debug|Any CPU
		{83AF0913-FF0B-40BA-984D-6A416D343A92}.Debug|Any CPU.Build.0 = Debug|Any CPU
		{83AF0913-FF0B-40BA-984D-6A416D343A92}.Release|Any CPU.ActiveCfg = Release|Any CPU
		{83AF0913-FF0B-40BA-984D-6A416D343A92}.Release|Any CPU.Build.0 = Release|Any CPU
		{F3D7C57D-258C-4F4E-AB2B-ABBCC3698414}.Debug|Any CPU.ActiveCfg = Debug|Any CPU
		{F3D7C57D-258C-4F4E-AB2B-ABBCC3698414}.Debug|Any CPU.Build.0 = Debug|Any CPU
		{F3D7C57D-258C-4F4E-AB2B-ABBCC3698414}.Release|Any CPU.ActiveCfg = Release|Any CPU
		{F3D7C57D-258C-4F4E-AB2B-ABBCC3698414}.Release|Any CPU.Build.0 = Release|Any CPU
		{45D0498B-0357-4224-B303-9DD9AECD4F26}.Debug|Any CPU.ActiveCfg = Debug|Any CPU
		{45D0498B-0357-4224-B303-9DD9AECD4F26}.Debug|Any CPU.Build.0 = Debug|Any CPU
		{45D0498B-0357-4224-B303-9DD9AECD4F26}.Release|Any CPU.ActiveCfg = Release|Any CPU
		{45D0498B-0357-4224-B303-9DD9AECD4F26}.Release|Any CPU.Build.0 = Release|Any CPU
		{D14B083C-0C20-4BE2-A899-DC13AF75198D}.Debug|Any CPU.ActiveCfg = Debug|Any CPU
		{D14B083C-0C20-4BE2-A899-DC13AF75198D}.Debug|Any CPU.Build.0 = Debug|Any CPU
		{D14B083C-0C20-4BE2-A899-DC13AF75198D}.Release|Any CPU.ActiveCfg = Release|Any CPU
		{D14B083C-0C20-4BE2-A899-DC13AF75198D}.Release|Any CPU.Build.0 = Release|Any CPU
		{969CA401-EF59-4FBC-A444-9FB51C42ED38}.Debug|Any CPU.ActiveCfg = Debug|Any CPU
		{969CA401-EF59-4FBC-A444-9FB51C42ED38}.Debug|Any CPU.Build.0 = Debug|Any CPU
		{969CA401-EF59-4FBC-A444-9FB51C42ED38}.Release|Any CPU.ActiveCfg = Release|Any CPU
		{969CA401-EF59-4FBC-A444-9FB51C42ED38}.Release|Any CPU.Build.0 = Release|Any CPU
	EndGlobalSection
	GlobalSection(SolutionProperties) = preSolution
		HideSolutionNode = FALSE
	EndGlobalSection
	GlobalSection(NestedProjects) = preSolution
		{79085F15-3058-40F4-97EA-76AB86957E6B} = {C85E56D9-1B14-407C-AF76-FF18EADAEB8D}
		{83AF0913-FF0B-40BA-984D-6A416D343A92} = {1F189DD0-A8AC-42B2-A638-43F9B278B2B0}
		{F3D7C57D-258C-4F4E-AB2B-ABBCC3698414} = {55F592CB-CAD4-4453-AAB4-0FE12D2BD18B}
		{45D0498B-0357-4224-B303-9DD9AECD4F26} = {DA569391-73C7-43AA-8474-858DBB7A764C}
		{D14B083C-0C20-4BE2-A899-DC13AF75198D} = {E25E0797-0D81-4BC8-BF14-9007B1AFD2F7}
		{969CA401-EF59-4FBC-A444-9FB51C42ED38} = {C85E56D9-1B14-407C-AF76-FF18EADAEB8D}
	EndGlobalSection
	GlobalSection(ExtensibilityGlobals) = postSolution
		SolutionGuid = {816861EA-C90F-4F86-A5DD-169BB20E316F}
	EndGlobalSection
EndGlobal
