
Microsoft Visual Studio Solution File, Format Version 12.00
# Visual Studio Version 16
VisualStudioVersion = 16.0.31624.102
MinimumVisualStudioVersion = 10.0.40219.1
Project("{FAE04EC0-301F-11D3-BF4B-00C04F79EFBC}") = "FunWith.Palindromes", "Palindromes\FunWith.Palindromes.csproj", "{D3FBE16B-45B9-454A-9AA6-2C2A29E5652E}"
EndProject
Global
	GlobalSection(SolutionConfigurationPlatforms) = preSolution
		Debug|Any CPU = Debug|Any CPU
		Release|Any CPU = Release|Any CPU
	EndGlobalSection
	GlobalSection(ProjectConfigurationPlatforms) = postSolution
		{D3FBE16B-45B9-454A-9AA6-2C2A29E5652E}.Debug|Any CPU.ActiveCfg = Debug|Any CPU
		{D3FBE16B-45B9-454A-9AA6-2C2A29E5652E}.Debug|Any CPU.Build.0 = Debug|Any CPU
		{D3FBE16B-45B9-454A-9AA6-2C2A29E5652E}.Release|Any CPU.ActiveCfg = Release|Any CPU
		{D3FBE16B-45B9-454A-9AA6-2C2A29E5652E}.Release|Any CPU.Build.0 = Release|Any CPU
	EndGlobalSection
	GlobalSection(SolutionProperties) = preSolution
		HideSolutionNode = FALSE
	EndGlobalSection
	GlobalSection(ExtensibilityGlobals) = postSolution
		SolutionGuid = {816861EA-C90F-4F86-A5DD-169BB20E316F}
	EndGlobalSection
EndGlobal
