
Microsoft Visual Studio Solution File, Format Version 12.00
# Visual Studio Version 17
VisualStudioVersion = 17.2.32616.157
MinimumVisualStudioVersion = 10.0.40219.1
Project("{2150E333-8FDC-42A3-9474-1A3956D46DE8}") = "UI", "UI", "{CBFC0559-49EF-49FE-897B-C44D1AB49C84}"
EndProject
Project("{2150E333-8FDC-42A3-9474-1A3956D46DE8}") = "Contracts", "Contracts", "{EB041C76-208C-4CA0-BB68-A6F591B4F362}"
EndProject
Project("{2150E333-8FDC-42A3-9474-1A3956D46DE8}") = "Managers", "Managers", "{3CAF193D-698F-4B50-A828-B07DE06880AA}"
EndProject
Project("{2150E333-8FDC-42A3-9474-1A3956D46DE8}") = "Data", "Data", "{C3BC2B13-C8DC-46E9-A382-589C681C85A3}"
EndProject
Project("{2150E333-8FDC-42A3-9474-1A3956D46DE8}") = "API", "API", "{6EC73DEA-31EC-4EF4-BFF0-B54499EF6407}"
EndProject
Project("{2150E333-8FDC-42A3-9474-1A3956D46DE8}") = "Tests", "Tests", "{BAB2CB7A-FE5A-49AE-8C17-06DBE8A575BB}"
EndProject
Project("{2150E333-8FDC-42A3-9474-1A3956D46DE8}") = "Services", "Services", "{823E3023-0D2A-479D-A696-8CA8C5689D4C}"
EndProject
Project("{00D1A9C2-B5F0-4AF3-8072-F6C62B433612}") = "Fun.With.Dev.Template.SQLDB", "Data\Fun.With.Dev.Template.SQLDB\Fun.With.Dev.Template.SQLDB.sqlproj", "{E7686313-7580-49E9-ABC1-8AC66A52C22F}"
EndProject
Project("{2150E333-8FDC-42A3-9474-1A3956D46DE8}") = "Domains", "Domains", "{2247C3C9-A5C7-48FF-AACD-1921D5427D59}"
EndProject
Project("{9A19103F-16F7-4668-BE54-9A1E7A4F7556}") = "Fun.With.Dev.Sorting.API", "API\Fun.With.Dev.Sorting.API\Fun.With.Dev.Sorting.API.csproj", "{5098BC99-8A9A-4601-AFFA-B9ACFC0B8058}"
EndProject
Project("{9A19103F-16F7-4668-BE54-9A1E7A4F7556}") = "Fun.With.Dev.Sorting.Contracts", "Contracts\Fun.With.Dev.Sorting.Contracts\Fun.With.Dev.Sorting.Contracts.csproj", "{F4FA4C01-00BF-4422-8765-412AFA240647}"
EndProject
Project("{9A19103F-16F7-4668-BE54-9A1E7A4F7556}") = "Fun.With.Dev.Sorting.Domains", "Domains\Fun.With.Dev.Sorting.Domains\Fun.With.Dev.Sorting.Domains.csproj", "{CFAB470E-31B0-40E5-AE66-76353B38FEC2}"
EndProject
Project("{9A19103F-16F7-4668-BE54-9A1E7A4F7556}") = "Fun.With.Dev.Sorting.Managers", "Managers\Fun.With.Dev.Sorting.Managers\Fun.With.Dev.Sorting.Managers.csproj", "{C3056EB1-1D4A-4298-A987-D460E1C1CC9A}"
EndProject
Project("{9A19103F-16F7-4668-BE54-9A1E7A4F7556}") = "Fun.With.Dev.Sorting.Services", "Services\Fun.With.Dev.Sorting.Services\Fun.With.Dev.Sorting.Services.csproj", "{4BBC2663-D266-463B-B649-E74E434A79C4}"
EndProject
Project("{9A19103F-16F7-4668-BE54-9A1E7A4F7556}") = "Fun.With.Dev.Sorting.GRPC", "Services\Fun.With.Dev.Sorting.GRPC\Fun.With.Dev.Sorting.GRPC.csproj", "{318EAA46-5565-4C9D-A4BC-5D84C27027AC}"
EndProject
Project("{9A19103F-16F7-4668-BE54-9A1E7A4F7556}") = "Fun.With.Dev.Sorting.Tests.MSTests", "Tests\Fun.With.Dev.Sorting.Tests.MSTests\Fun.With.Dev.Sorting.Tests.MSTests.csproj", "{CA1A1213-505B-4811-8B57-1ABB029C573B}"
EndProject
Project("{9A19103F-16F7-4668-BE54-9A1E7A4F7556}") = "Fun.With.Dev.Sorting.Tests.NUnitTests", "Tests\Fun.With.Dev.Sorting.Tests.NUnitTests\Fun.With.Dev.Sorting.Tests.NUnitTests.csproj", "{F3DBC62A-EB5D-4B86-B1D6-FAF9C4246CE2}"
EndProject
Project("{9A19103F-16F7-4668-BE54-9A1E7A4F7556}") = "Fun.With.Dev.Sorting.AngularCore", "UI\Fun.With.Dev.Sorting.AngularCore\Fun.With.Dev.Sorting.AngularCore.csproj", "{8BC6E134-8705-434F-8DEB-5A7303FCAC28}"
EndProject
Project("{9A19103F-16F7-4668-BE54-9A1E7A4F7556}") = "Fun.With.Dev.Sorting.BlazorApp.Client", "UI\Fun.With.Dev.Sorting.BlazorApp\Client\Fun.With.Dev.Sorting.BlazorApp.Client.csproj", "{59977334-1B6C-4E8E-B1E1-E63A9B180848}"
EndProject
Project("{9A19103F-16F7-4668-BE54-9A1E7A4F7556}") = "Fun.With.Dev.Sorting.BlazorApp.Server", "UI\Fun.With.Dev.Sorting.BlazorApp\Server\Fun.With.Dev.Sorting.BlazorApp.Server.csproj", "{3ECEE7F2-3278-4AB2-8240-6138CC4D30E4}"
EndProject
Project("{9A19103F-16F7-4668-BE54-9A1E7A4F7556}") = "Fun.With.Dev.Sorting.BlazorApp.Shared", "UI\Fun.With.Dev.Sorting.BlazorApp\Shared\Fun.With.Dev.Sorting.BlazorApp.Shared.csproj", "{0299DA5A-A996-4312-B425-EF93093A0EFB}"
EndProject
Project("{9A19103F-16F7-4668-BE54-9A1E7A4F7556}") = "Fun.With.Dev.Sorting.Tests.XUnitTests", "Tests\Fun.With.Dev.Sorting.Tests.XUnitTests\Fun.With.Dev.Sorting.Tests.XUnitTests.csproj", "{99B05CAC-8693-4B62-84C1-CDFDB68F9F70}"
EndProject
Project("{54A90642-561A-4BB1-A94E-469ADEE60C69}") = "Fun.With.Dev.Sorting.NodeJS.Express", "UI\Fun.With.Dev.Sorting.NodeJS.Express\Fun.With.Dev.Sorting.NodeJS.Express.esproj", "{2B3066B5-E883-4AEC-AFB6-333AAF528A49}"
EndProject
Project("{54A90642-561A-4BB1-A94E-469ADEE60C69}") = "Fun.With.Dev.Sorting.NodeTypeScript", "UI\Fun.With.Dev.Sorting.NodeTypeScript\Fun.With.Dev.Sorting.NodeTypeScript.esproj", "{5A021838-D9F0-4B1C-A6DD-EC0F24326668}"
EndProject
Project("{54A90642-561A-4BB1-A94E-469ADEE60C69}") = "Fun.With.Dev.Sorting.NodeTypeScript.Express", "UI\Fun.With.Dev.Sorting.NodeTypeScript.Express\Fun.With.Dev.Sorting.NodeTypeScript.Express.esproj", "{C22C8081-18D3-43A6-AC1E-B0EEE65D005F}"
EndProject
Project("{9A19103F-16F7-4668-BE54-9A1E7A4F7556}") = "Fun.With.Dev.Sorting.ReactJSCore", "UI\Fun.With.Dev.Sorting.ReactJSCore\Fun.With.Dev.Sorting.ReactJSCore.csproj", "{71EF9674-2DAE-4211-86A6-0173BA900CE3}"
EndProject
Project("{9092AA53-FB77-4645-B42D-1CCCA6BD08BD}") = "Fun.With.Dev.Sorting.NodeJS", "UI\Fun.With.Dev.Sorting.NodeJS\Fun.With.Dev.Sorting.NodeJS.njsproj", "{05DD236A-284B-4093-9296-362A98C94D07}"
EndProject
Global
	GlobalSection(SolutionConfigurationPlatforms) = preSolution
		Debug|Any CPU = Debug|Any CPU
		Release|Any CPU = Release|Any CPU
	EndGlobalSection
	GlobalSection(ProjectConfigurationPlatforms) = postSolution
		{E7686313-7580-49E9-ABC1-8AC66A52C22F}.Debug|Any CPU.ActiveCfg = Debug|Any CPU
		{E7686313-7580-49E9-ABC1-8AC66A52C22F}.Debug|Any CPU.Build.0 = Debug|Any CPU
		{E7686313-7580-49E9-ABC1-8AC66A52C22F}.Debug|Any CPU.Deploy.0 = Debug|Any CPU
		{E7686313-7580-49E9-ABC1-8AC66A52C22F}.Release|Any CPU.ActiveCfg = Release|Any CPU
		{E7686313-7580-49E9-ABC1-8AC66A52C22F}.Release|Any CPU.Build.0 = Release|Any CPU
		{E7686313-7580-49E9-ABC1-8AC66A52C22F}.Release|Any CPU.Deploy.0 = Release|Any CPU
		{5098BC99-8A9A-4601-AFFA-B9ACFC0B8058}.Debug|Any CPU.ActiveCfg = Debug|Any CPU
		{5098BC99-8A9A-4601-AFFA-B9ACFC0B8058}.Debug|Any CPU.Build.0 = Debug|Any CPU
		{5098BC99-8A9A-4601-AFFA-B9ACFC0B8058}.Release|Any CPU.ActiveCfg = Release|Any CPU
		{5098BC99-8A9A-4601-AFFA-B9ACFC0B8058}.Release|Any CPU.Build.0 = Release|Any CPU
		{F4FA4C01-00BF-4422-8765-412AFA240647}.Debug|Any CPU.ActiveCfg = Debug|Any CPU
		{F4FA4C01-00BF-4422-8765-412AFA240647}.Debug|Any CPU.Build.0 = Debug|Any CPU
		{F4FA4C01-00BF-4422-8765-412AFA240647}.Release|Any CPU.ActiveCfg = Release|Any CPU
		{F4FA4C01-00BF-4422-8765-412AFA240647}.Release|Any CPU.Build.0 = Release|Any CPU
		{CFAB470E-31B0-40E5-AE66-76353B38FEC2}.Debug|Any CPU.ActiveCfg = Debug|Any CPU
		{CFAB470E-31B0-40E5-AE66-76353B38FEC2}.Debug|Any CPU.Build.0 = Debug|Any CPU
		{CFAB470E-31B0-40E5-AE66-76353B38FEC2}.Release|Any CPU.ActiveCfg = Release|Any CPU
		{CFAB470E-31B0-40E5-AE66-76353B38FEC2}.Release|Any CPU.Build.0 = Release|Any CPU
		{C3056EB1-1D4A-4298-A987-D460E1C1CC9A}.Debug|Any CPU.ActiveCfg = Debug|Any CPU
		{C3056EB1-1D4A-4298-A987-D460E1C1CC9A}.Debug|Any CPU.Build.0 = Debug|Any CPU
		{C3056EB1-1D4A-4298-A987-D460E1C1CC9A}.Release|Any CPU.ActiveCfg = Release|Any CPU
		{C3056EB1-1D4A-4298-A987-D460E1C1CC9A}.Release|Any CPU.Build.0 = Release|Any CPU
		{4BBC2663-D266-463B-B649-E74E434A79C4}.Debug|Any CPU.ActiveCfg = Debug|Any CPU
		{4BBC2663-D266-463B-B649-E74E434A79C4}.Debug|Any CPU.Build.0 = Debug|Any CPU
		{4BBC2663-D266-463B-B649-E74E434A79C4}.Release|Any CPU.ActiveCfg = Release|Any CPU
		{4BBC2663-D266-463B-B649-E74E434A79C4}.Release|Any CPU.Build.0 = Release|Any CPU
		{318EAA46-5565-4C9D-A4BC-5D84C27027AC}.Debug|Any CPU.ActiveCfg = Debug|Any CPU
		{318EAA46-5565-4C9D-A4BC-5D84C27027AC}.Debug|Any CPU.Build.0 = Debug|Any CPU
		{318EAA46-5565-4C9D-A4BC-5D84C27027AC}.Release|Any CPU.ActiveCfg = Release|Any CPU
		{318EAA46-5565-4C9D-A4BC-5D84C27027AC}.Release|Any CPU.Build.0 = Release|Any CPU
		{CA1A1213-505B-4811-8B57-1ABB029C573B}.Debug|Any CPU.ActiveCfg = Debug|Any CPU
		{CA1A1213-505B-4811-8B57-1ABB029C573B}.Debug|Any CPU.Build.0 = Debug|Any CPU
		{CA1A1213-505B-4811-8B57-1ABB029C573B}.Release|Any CPU.ActiveCfg = Release|Any CPU
		{CA1A1213-505B-4811-8B57-1ABB029C573B}.Release|Any CPU.Build.0 = Release|Any CPU
		{F3DBC62A-EB5D-4B86-B1D6-FAF9C4246CE2}.Debug|Any CPU.ActiveCfg = Debug|Any CPU
		{F3DBC62A-EB5D-4B86-B1D6-FAF9C4246CE2}.Debug|Any CPU.Build.0 = Debug|Any CPU
		{F3DBC62A-EB5D-4B86-B1D6-FAF9C4246CE2}.Release|Any CPU.ActiveCfg = Release|Any CPU
		{F3DBC62A-EB5D-4B86-B1D6-FAF9C4246CE2}.Release|Any CPU.Build.0 = Release|Any CPU
		{8BC6E134-8705-434F-8DEB-5A7303FCAC28}.Debug|Any CPU.ActiveCfg = Debug|Any CPU
		{8BC6E134-8705-434F-8DEB-5A7303FCAC28}.Debug|Any CPU.Build.0 = Debug|Any CPU
		{8BC6E134-8705-434F-8DEB-5A7303FCAC28}.Release|Any CPU.ActiveCfg = Release|Any CPU
		{8BC6E134-8705-434F-8DEB-5A7303FCAC28}.Release|Any CPU.Build.0 = Release|Any CPU
		{59977334-1B6C-4E8E-B1E1-E63A9B180848}.Debug|Any CPU.ActiveCfg = Debug|Any CPU
		{59977334-1B6C-4E8E-B1E1-E63A9B180848}.Debug|Any CPU.Build.0 = Debug|Any CPU
		{59977334-1B6C-4E8E-B1E1-E63A9B180848}.Release|Any CPU.ActiveCfg = Release|Any CPU
		{59977334-1B6C-4E8E-B1E1-E63A9B180848}.Release|Any CPU.Build.0 = Release|Any CPU
		{3ECEE7F2-3278-4AB2-8240-6138CC4D30E4}.Debug|Any CPU.ActiveCfg = Debug|Any CPU
		{3ECEE7F2-3278-4AB2-8240-6138CC4D30E4}.Debug|Any CPU.Build.0 = Debug|Any CPU
		{3ECEE7F2-3278-4AB2-8240-6138CC4D30E4}.Release|Any CPU.ActiveCfg = Release|Any CPU
		{3ECEE7F2-3278-4AB2-8240-6138CC4D30E4}.Release|Any CPU.Build.0 = Release|Any CPU
		{0299DA5A-A996-4312-B425-EF93093A0EFB}.Debug|Any CPU.ActiveCfg = Debug|Any CPU
		{0299DA5A-A996-4312-B425-EF93093A0EFB}.Debug|Any CPU.Build.0 = Debug|Any CPU
		{0299DA5A-A996-4312-B425-EF93093A0EFB}.Release|Any CPU.ActiveCfg = Release|Any CPU
		{0299DA5A-A996-4312-B425-EF93093A0EFB}.Release|Any CPU.Build.0 = Release|Any CPU
		{99B05CAC-8693-4B62-84C1-CDFDB68F9F70}.Debug|Any CPU.ActiveCfg = Debug|Any CPU
		{99B05CAC-8693-4B62-84C1-CDFDB68F9F70}.Debug|Any CPU.Build.0 = Debug|Any CPU
		{99B05CAC-8693-4B62-84C1-CDFDB68F9F70}.Release|Any CPU.ActiveCfg = Release|Any CPU
		{99B05CAC-8693-4B62-84C1-CDFDB68F9F70}.Release|Any CPU.Build.0 = Release|Any CPU
		{2B3066B5-E883-4AEC-AFB6-333AAF528A49}.Debug|Any CPU.ActiveCfg = Debug|Any CPU
		{2B3066B5-E883-4AEC-AFB6-333AAF528A49}.Debug|Any CPU.Build.0 = Debug|Any CPU
		{2B3066B5-E883-4AEC-AFB6-333AAF528A49}.Debug|Any CPU.Deploy.0 = Debug|Any CPU
		{2B3066B5-E883-4AEC-AFB6-333AAF528A49}.Release|Any CPU.ActiveCfg = Release|Any CPU
		{2B3066B5-E883-4AEC-AFB6-333AAF528A49}.Release|Any CPU.Build.0 = Release|Any CPU
		{2B3066B5-E883-4AEC-AFB6-333AAF528A49}.Release|Any CPU.Deploy.0 = Release|Any CPU
		{5A021838-D9F0-4B1C-A6DD-EC0F24326668}.Debug|Any CPU.ActiveCfg = Debug|Any CPU
		{5A021838-D9F0-4B1C-A6DD-EC0F24326668}.Debug|Any CPU.Build.0 = Debug|Any CPU
		{5A021838-D9F0-4B1C-A6DD-EC0F24326668}.Debug|Any CPU.Deploy.0 = Debug|Any CPU
		{5A021838-D9F0-4B1C-A6DD-EC0F24326668}.Release|Any CPU.ActiveCfg = Release|Any CPU
		{5A021838-D9F0-4B1C-A6DD-EC0F24326668}.Release|Any CPU.Build.0 = Release|Any CPU
		{5A021838-D9F0-4B1C-A6DD-EC0F24326668}.Release|Any CPU.Deploy.0 = Release|Any CPU
		{C22C8081-18D3-43A6-AC1E-B0EEE65D005F}.Debug|Any CPU.ActiveCfg = Debug|Any CPU
		{C22C8081-18D3-43A6-AC1E-B0EEE65D005F}.Debug|Any CPU.Build.0 = Debug|Any CPU
		{C22C8081-18D3-43A6-AC1E-B0EEE65D005F}.Debug|Any CPU.Deploy.0 = Debug|Any CPU
		{C22C8081-18D3-43A6-AC1E-B0EEE65D005F}.Release|Any CPU.ActiveCfg = Release|Any CPU
		{C22C8081-18D3-43A6-AC1E-B0EEE65D005F}.Release|Any CPU.Build.0 = Release|Any CPU
		{C22C8081-18D3-43A6-AC1E-B0EEE65D005F}.Release|Any CPU.Deploy.0 = Release|Any CPU
		{71EF9674-2DAE-4211-86A6-0173BA900CE3}.Debug|Any CPU.ActiveCfg = Debug|Any CPU
		{71EF9674-2DAE-4211-86A6-0173BA900CE3}.Debug|Any CPU.Build.0 = Debug|Any CPU
		{71EF9674-2DAE-4211-86A6-0173BA900CE3}.Release|Any CPU.ActiveCfg = Release|Any CPU
		{71EF9674-2DAE-4211-86A6-0173BA900CE3}.Release|Any CPU.Build.0 = Release|Any CPU
		{05DD236A-284B-4093-9296-362A98C94D07}.Debug|Any CPU.ActiveCfg = Debug|Any CPU
		{05DD236A-284B-4093-9296-362A98C94D07}.Debug|Any CPU.Build.0 = Debug|Any CPU
		{05DD236A-284B-4093-9296-362A98C94D07}.Release|Any CPU.ActiveCfg = Release|Any CPU
		{05DD236A-284B-4093-9296-362A98C94D07}.Release|Any CPU.Build.0 = Release|Any CPU
	EndGlobalSection
	GlobalSection(SolutionProperties) = preSolution
		HideSolutionNode = FALSE
	EndGlobalSection
	GlobalSection(NestedProjects) = preSolution
		{E7686313-7580-49E9-ABC1-8AC66A52C22F} = {C3BC2B13-C8DC-46E9-A382-589C681C85A3}
		{5098BC99-8A9A-4601-AFFA-B9ACFC0B8058} = {6EC73DEA-31EC-4EF4-BFF0-B54499EF6407}
		{F4FA4C01-00BF-4422-8765-412AFA240647} = {EB041C76-208C-4CA0-BB68-A6F591B4F362}
		{CFAB470E-31B0-40E5-AE66-76353B38FEC2} = {2247C3C9-A5C7-48FF-AACD-1921D5427D59}
		{C3056EB1-1D4A-4298-A987-D460E1C1CC9A} = {3CAF193D-698F-4B50-A828-B07DE06880AA}
		{4BBC2663-D266-463B-B649-E74E434A79C4} = {823E3023-0D2A-479D-A696-8CA8C5689D4C}
		{318EAA46-5565-4C9D-A4BC-5D84C27027AC} = {823E3023-0D2A-479D-A696-8CA8C5689D4C}
		{CA1A1213-505B-4811-8B57-1ABB029C573B} = {BAB2CB7A-FE5A-49AE-8C17-06DBE8A575BB}
		{F3DBC62A-EB5D-4B86-B1D6-FAF9C4246CE2} = {BAB2CB7A-FE5A-49AE-8C17-06DBE8A575BB}
		{8BC6E134-8705-434F-8DEB-5A7303FCAC28} = {CBFC0559-49EF-49FE-897B-C44D1AB49C84}
		{59977334-1B6C-4E8E-B1E1-E63A9B180848} = {CBFC0559-49EF-49FE-897B-C44D1AB49C84}
		{3ECEE7F2-3278-4AB2-8240-6138CC4D30E4} = {CBFC0559-49EF-49FE-897B-C44D1AB49C84}
		{0299DA5A-A996-4312-B425-EF93093A0EFB} = {CBFC0559-49EF-49FE-897B-C44D1AB49C84}
		{99B05CAC-8693-4B62-84C1-CDFDB68F9F70} = {BAB2CB7A-FE5A-49AE-8C17-06DBE8A575BB}
		{2B3066B5-E883-4AEC-AFB6-333AAF528A49} = {CBFC0559-49EF-49FE-897B-C44D1AB49C84}
		{5A021838-D9F0-4B1C-A6DD-EC0F24326668} = {CBFC0559-49EF-49FE-897B-C44D1AB49C84}
		{C22C8081-18D3-43A6-AC1E-B0EEE65D005F} = {CBFC0559-49EF-49FE-897B-C44D1AB49C84}
		{71EF9674-2DAE-4211-86A6-0173BA900CE3} = {CBFC0559-49EF-49FE-897B-C44D1AB49C84}
		{05DD236A-284B-4093-9296-362A98C94D07} = {CBFC0559-49EF-49FE-897B-C44D1AB49C84}
	EndGlobalSection
	GlobalSection(ExtensibilityGlobals) = postSolution
		SolutionGuid = {4A59E7FF-0501-48C9-AC40-671543589E66}
	EndGlobalSection
EndGlobal
