
Microsoft Visual Studio Solution File, Format Version 12.00
# Visual Studio Version 17
VisualStudioVersion = 17.2.32616.157
MinimumVisualStudioVersion = 10.0.40219.1
Project("{2150E333-8FDC-42A3-9474-1A3956D46DE8}") = "UI", "UI", "{CBFC0559-49EF-49FE-897B-C44D1AB49C84}"
EndProject
Project("{2150E333-8FDC-42A3-9474-1A3956D46DE8}") = "Contracts", "Contracts", "{EB041C76-208C-4CA0-BB68-A6F591B4F362}"
EndProject
Project("{2150E333-8FDC-42A3-9474-1A3956D46DE8}") = "Managers", "Managers", "{3CAF193D-698F-4B50-A828-B07DE06880AA}"
EndProject
Project("{2150E333-8FDC-42A3-9474-1A3956D46DE8}") = "Data", "Data", "{C3BC2B13-C8DC-46E9-A382-589C681C85A3}"
EndProject
Project("{2150E333-8FDC-42A3-9474-1A3956D46DE8}") = "API", "API", "{6EC73DEA-31EC-4EF4-BFF0-B54499EF6407}"
EndProject
Project("{2150E333-8FDC-42A3-9474-1A3956D46DE8}") = "Tests", "Tests", "{BAB2CB7A-FE5A-49AE-8C17-06DBE8A575BB}"
EndProject
Project("{2150E333-8FDC-42A3-9474-1A3956D46DE8}") = "Services", "Services", "{823E3023-0D2A-479D-A696-8CA8C5689D4C}"
EndProject
Project("{9A19103F-16F7-4668-BE54-9A1E7A4F7556}") = "Fun.With.Dev.Sorting.Contracts", "Contracts\Fun.With.Dev.Template.Contracts\Fun.With.Dev.Sorting.Contracts.csproj", "{EFAEB0A5-CB51-4030-8CA7-9A3B83736504}"
EndProject
Project("{00D1A9C2-B5F0-4AF3-8072-F6C62B433612}") = "Fun.With.Dev.Template.SQLDB", "Data\Fun.With.Dev.Template.SQLDB\Fun.With.Dev.Template.SQLDB.sqlproj", "{E7686313-7580-49E9-ABC1-8AC66A52C22F}"
EndProject
Project("{9A19103F-16F7-4668-BE54-9A1E7A4F7556}") = "Fun.With.Dev.Template.Managers", "Managers\Fun.With.Dev.Template.Managers\Fun.With.Dev.Template.Managers.csproj", "{94A174F3-8B14-41D6-AF07-171B6D8C47A8}"
EndProject
Project("{9A19103F-16F7-4668-BE54-9A1E7A4F7556}") = "Fun.With.Dev.Template.Services", "Services\Fun.With.Dev.Template.Services\Fun.With.Dev.Template.Services.csproj", "{581CF9C8-DF0D-409A-9E5C-94836100C195}"
EndProject
Project("{9A19103F-16F7-4668-BE54-9A1E7A4F7556}") = "Fun.With.Dev.Template.Tests.MSTests", "Tests\Fun.With.Dev.Template.Tests.MSTests\Fun.With.Dev.Template.Tests.MSTests.csproj", "{F7708F0D-59A9-43AE-AFAC-5027672DA100}"
EndProject
Project("{9A19103F-16F7-4668-BE54-9A1E7A4F7556}") = "Fun.With.Dev.Template.Tests.XUnitTests", "Tests\Fun.With.Dev.Template.Tests.XUnitTests\Fun.With.Dev.Template.Tests.XUnitTests.csproj", "{2024F522-1957-46F1-AB8D-D5573BBFBB08}"
EndProject
Project("{2150E333-8FDC-42A3-9474-1A3956D46DE8}") = "Domains", "Domains", "{2247C3C9-A5C7-48FF-AACD-1921D5427D59}"
EndProject
Project("{9A19103F-16F7-4668-BE54-9A1E7A4F7556}") = "Fun.With.Dev.Sorting.Domains", "Domains\Fun.With.Dev.Template.Domains\Fun.With.Dev.Sorting.Domains.csproj", "{D9CC5F85-2974-4DBB-8B55-B7D8927E083E}"
EndProject
Project("{9A19103F-16F7-4668-BE54-9A1E7A4F7556}") = "Fun.With.Dev.Template.Tests.NUnitTests", "Tests\Fun.With.Dev.Template.Tests.NUnitTests\Fun.With.Dev.Template.Tests.NUnitTests.csproj", "{5B6716E3-C239-45FB-8026-D2B5F9635B8A}"
EndProject
Project("{9092AA53-FB77-4645-B42D-1CCCA6BD08BD}") = "Fun.With.Dev.Sorting.NodeJS", "UI\Fun.With.Dev.Template.NodeJS\Fun.With.Dev.Sorting.NodeJS.njsproj", "{05DD236A-284B-4093-9296-362A98C94D07}"
EndProject
Project("{9A19103F-16F7-4668-BE54-9A1E7A4F7556}") = "Fun.With.Dev.Sorting.AngularCore", "UI\Fun.With.Dev.Template.AngularCore\Fun.With.Dev.Sorting.AngularCore.csproj", "{8B867349-7920-4B65-82E8-0B4E4BA243FE}"
EndProject
Project("{9A19103F-16F7-4668-BE54-9A1E7A4F7556}") = "Fun.With.Dev.Sorting.ReactJSCore", "UI\Fun.With.Dev.Template.ReactJSCore\Fun.With.Dev.Sorting.ReactJSCore.csproj", "{C950C945-163A-4029-82DA-4D2376FF9A9A}"
EndProject
Project("{9A19103F-16F7-4668-BE54-9A1E7A4F7556}") = "Fun.With.Dev.Sorting.BlazorApp.Server", "UI\Fun.With.Dev.Template.BlazorApp\Server\Fun.With.Dev.Sorting.BlazorApp.Server.csproj", "{4E692A5D-1A7A-4897-BC54-C5A4382C2F79}"
EndProject
Project("{9A19103F-16F7-4668-BE54-9A1E7A4F7556}") = "Fun.With.Dev.Sorting.BlazorApp.Client", "UI\Fun.With.Dev.Template.BlazorApp\Client\Fun.With.Dev.Sorting.BlazorApp.Client.csproj", "{FC60D3CA-EEE9-419C-B727-F571E8F8FE9F}"
EndProject
Project("{9A19103F-16F7-4668-BE54-9A1E7A4F7556}") = "Fun.With.Dev.Sorting.BlazorApp.Shared", "UI\Fun.With.Dev.Template.BlazorApp\Shared\Fun.With.Dev.Sorting.BlazorApp.Shared.csproj", "{FD84E341-A502-4187-9BF7-201BA99157CC}"
EndProject
Project("{9A19103F-16F7-4668-BE54-9A1E7A4F7556}") = "Fun.With.Dev.Template.GRPC", "Services\Fun.With.Dev.Template.GRPC\Fun.With.Dev.Template.GRPC.csproj", "{B87EE205-B1E9-4AFE-B851-F2F4A1B96D6E}"
EndProject
Project("{54A90642-561A-4BB1-A94E-469ADEE60C69}") = "Fun.With.Dev.Sorting.NodeTypeScript", "UI\Fun.With.Dev.Template.NodeTypeScript\Fun.With.Dev.Sorting.NodeTypeScript.esproj", "{FBB27A36-F052-42F7-9A3B-12605B52C8B8}"
EndProject
Project("{54A90642-561A-4BB1-A94E-469ADEE60C69}") = "Fun.With.Dev.Sorting.NodeJS.Express", "UI\Fun.With.Dev.Template.NodeJS.Express\Fun.With.Dev.Sorting.NodeJS.Express.esproj", "{430ECBF2-004D-4A0D-9097-A8F8E544D981}"
EndProject
Project("{54A90642-561A-4BB1-A94E-469ADEE60C69}") = "Fun.With.Dev.Sorting.NodeTypeScript.Express", "UI\Fun.With.Dev.Template.NodeTypeScript.Express\Fun.With.Dev.Sorting.NodeTypeScript.Express.esproj", "{AFF5B32C-8F8D-4290-9A81-97990ADF59DA}"
EndProject
Project("{9A19103F-16F7-4668-BE54-9A1E7A4F7556}") = "Fun.With.Dev.Sorting.API", "API\Fun.With.Dev.Sorting.API\Fun.With.Dev.Sorting.API.csproj", "{5098BC99-8A9A-4601-AFFA-B9ACFC0B8058}"
EndProject
Global
	GlobalSection(SolutionConfigurationPlatforms) = preSolution
		Debug|Any CPU = Debug|Any CPU
		Release|Any CPU = Release|Any CPU
	EndGlobalSection
	GlobalSection(ProjectConfigurationPlatforms) = postSolution
		{EFAEB0A5-CB51-4030-8CA7-9A3B83736504}.Debug|Any CPU.ActiveCfg = Debug|Any CPU
		{EFAEB0A5-CB51-4030-8CA7-9A3B83736504}.Debug|Any CPU.Build.0 = Debug|Any CPU
		{EFAEB0A5-CB51-4030-8CA7-9A3B83736504}.Release|Any CPU.ActiveCfg = Release|Any CPU
		{EFAEB0A5-CB51-4030-8CA7-9A3B83736504}.Release|Any CPU.Build.0 = Release|Any CPU
		{E7686313-7580-49E9-ABC1-8AC66A52C22F}.Debug|Any CPU.ActiveCfg = Debug|Any CPU
		{E7686313-7580-49E9-ABC1-8AC66A52C22F}.Debug|Any CPU.Build.0 = Debug|Any CPU
		{E7686313-7580-49E9-ABC1-8AC66A52C22F}.Debug|Any CPU.Deploy.0 = Debug|Any CPU
		{E7686313-7580-49E9-ABC1-8AC66A52C22F}.Release|Any CPU.ActiveCfg = Release|Any CPU
		{E7686313-7580-49E9-ABC1-8AC66A52C22F}.Release|Any CPU.Build.0 = Release|Any CPU
		{E7686313-7580-49E9-ABC1-8AC66A52C22F}.Release|Any CPU.Deploy.0 = Release|Any CPU
		{94A174F3-8B14-41D6-AF07-171B6D8C47A8}.Debug|Any CPU.ActiveCfg = Debug|Any CPU
		{94A174F3-8B14-41D6-AF07-171B6D8C47A8}.Debug|Any CPU.Build.0 = Debug|Any CPU
		{94A174F3-8B14-41D6-AF07-171B6D8C47A8}.Release|Any CPU.ActiveCfg = Release|Any CPU
		{94A174F3-8B14-41D6-AF07-171B6D8C47A8}.Release|Any CPU.Build.0 = Release|Any CPU
		{581CF9C8-DF0D-409A-9E5C-94836100C195}.Debug|Any CPU.ActiveCfg = Debug|Any CPU
		{581CF9C8-DF0D-409A-9E5C-94836100C195}.Debug|Any CPU.Build.0 = Debug|Any CPU
		{581CF9C8-DF0D-409A-9E5C-94836100C195}.Release|Any CPU.ActiveCfg = Release|Any CPU
		{581CF9C8-DF0D-409A-9E5C-94836100C195}.Release|Any CPU.Build.0 = Release|Any CPU
		{F7708F0D-59A9-43AE-AFAC-5027672DA100}.Debug|Any CPU.ActiveCfg = Debug|Any CPU
		{F7708F0D-59A9-43AE-AFAC-5027672DA100}.Debug|Any CPU.Build.0 = Debug|Any CPU
		{F7708F0D-59A9-43AE-AFAC-5027672DA100}.Release|Any CPU.ActiveCfg = Release|Any CPU
		{F7708F0D-59A9-43AE-AFAC-5027672DA100}.Release|Any CPU.Build.0 = Release|Any CPU
		{2024F522-1957-46F1-AB8D-D5573BBFBB08}.Debug|Any CPU.ActiveCfg = Debug|Any CPU
		{2024F522-1957-46F1-AB8D-D5573BBFBB08}.Debug|Any CPU.Build.0 = Debug|Any CPU
		{2024F522-1957-46F1-AB8D-D5573BBFBB08}.Release|Any CPU.ActiveCfg = Release|Any CPU
		{2024F522-1957-46F1-AB8D-D5573BBFBB08}.Release|Any CPU.Build.0 = Release|Any CPU
		{D9CC5F85-2974-4DBB-8B55-B7D8927E083E}.Debug|Any CPU.ActiveCfg = Debug|Any CPU
		{D9CC5F85-2974-4DBB-8B55-B7D8927E083E}.Debug|Any CPU.Build.0 = Debug|Any CPU
		{D9CC5F85-2974-4DBB-8B55-B7D8927E083E}.Release|Any CPU.ActiveCfg = Release|Any CPU
		{D9CC5F85-2974-4DBB-8B55-B7D8927E083E}.Release|Any CPU.Build.0 = Release|Any CPU
		{5B6716E3-C239-45FB-8026-D2B5F9635B8A}.Debug|Any CPU.ActiveCfg = Debug|Any CPU
		{5B6716E3-C239-45FB-8026-D2B5F9635B8A}.Debug|Any CPU.Build.0 = Debug|Any CPU
		{5B6716E3-C239-45FB-8026-D2B5F9635B8A}.Release|Any CPU.ActiveCfg = Release|Any CPU
		{5B6716E3-C239-45FB-8026-D2B5F9635B8A}.Release|Any CPU.Build.0 = Release|Any CPU
		{05DD236A-284B-4093-9296-362A98C94D07}.Debug|Any CPU.ActiveCfg = Debug|Any CPU
		{05DD236A-284B-4093-9296-362A98C94D07}.Debug|Any CPU.Build.0 = Debug|Any CPU
		{05DD236A-284B-4093-9296-362A98C94D07}.Release|Any CPU.ActiveCfg = Release|Any CPU
		{05DD236A-284B-4093-9296-362A98C94D07}.Release|Any CPU.Build.0 = Release|Any CPU
		{8B867349-7920-4B65-82E8-0B4E4BA243FE}.Debug|Any CPU.ActiveCfg = Debug|Any CPU
		{8B867349-7920-4B65-82E8-0B4E4BA243FE}.Debug|Any CPU.Build.0 = Debug|Any CPU
		{8B867349-7920-4B65-82E8-0B4E4BA243FE}.Release|Any CPU.ActiveCfg = Release|Any CPU
		{8B867349-7920-4B65-82E8-0B4E4BA243FE}.Release|Any CPU.Build.0 = Release|Any CPU
		{C950C945-163A-4029-82DA-4D2376FF9A9A}.Debug|Any CPU.ActiveCfg = Debug|Any CPU
		{C950C945-163A-4029-82DA-4D2376FF9A9A}.Debug|Any CPU.Build.0 = Debug|Any CPU
		{C950C945-163A-4029-82DA-4D2376FF9A9A}.Release|Any CPU.ActiveCfg = Release|Any CPU
		{C950C945-163A-4029-82DA-4D2376FF9A9A}.Release|Any CPU.Build.0 = Release|Any CPU
		{4E692A5D-1A7A-4897-BC54-C5A4382C2F79}.Debug|Any CPU.ActiveCfg = Debug|Any CPU
		{4E692A5D-1A7A-4897-BC54-C5A4382C2F79}.Debug|Any CPU.Build.0 = Debug|Any CPU
		{4E692A5D-1A7A-4897-BC54-C5A4382C2F79}.Release|Any CPU.ActiveCfg = Release|Any CPU
		{4E692A5D-1A7A-4897-BC54-C5A4382C2F79}.Release|Any CPU.Build.0 = Release|Any CPU
		{FC60D3CA-EEE9-419C-B727-F571E8F8FE9F}.Debug|Any CPU.ActiveCfg = Debug|Any CPU
		{FC60D3CA-EEE9-419C-B727-F571E8F8FE9F}.Debug|Any CPU.Build.0 = Debug|Any CPU
		{FC60D3CA-EEE9-419C-B727-F571E8F8FE9F}.Release|Any CPU.ActiveCfg = Release|Any CPU
		{FC60D3CA-EEE9-419C-B727-F571E8F8FE9F}.Release|Any CPU.Build.0 = Release|Any CPU
		{FD84E341-A502-4187-9BF7-201BA99157CC}.Debug|Any CPU.ActiveCfg = Debug|Any CPU
		{FD84E341-A502-4187-9BF7-201BA99157CC}.Debug|Any CPU.Build.0 = Debug|Any CPU
		{FD84E341-A502-4187-9BF7-201BA99157CC}.Release|Any CPU.ActiveCfg = Release|Any CPU
		{FD84E341-A502-4187-9BF7-201BA99157CC}.Release|Any CPU.Build.0 = Release|Any CPU
		{B87EE205-B1E9-4AFE-B851-F2F4A1B96D6E}.Debug|Any CPU.ActiveCfg = Debug|Any CPU
		{B87EE205-B1E9-4AFE-B851-F2F4A1B96D6E}.Debug|Any CPU.Build.0 = Debug|Any CPU
		{B87EE205-B1E9-4AFE-B851-F2F4A1B96D6E}.Release|Any CPU.ActiveCfg = Release|Any CPU
		{B87EE205-B1E9-4AFE-B851-F2F4A1B96D6E}.Release|Any CPU.Build.0 = Release|Any CPU
		{FBB27A36-F052-42F7-9A3B-12605B52C8B8}.Debug|Any CPU.ActiveCfg = Debug|Any CPU
		{FBB27A36-F052-42F7-9A3B-12605B52C8B8}.Debug|Any CPU.Build.0 = Debug|Any CPU
		{FBB27A36-F052-42F7-9A3B-12605B52C8B8}.Debug|Any CPU.Deploy.0 = Debug|Any CPU
		{FBB27A36-F052-42F7-9A3B-12605B52C8B8}.Release|Any CPU.ActiveCfg = Release|Any CPU
		{FBB27A36-F052-42F7-9A3B-12605B52C8B8}.Release|Any CPU.Build.0 = Release|Any CPU
		{FBB27A36-F052-42F7-9A3B-12605B52C8B8}.Release|Any CPU.Deploy.0 = Release|Any CPU
		{430ECBF2-004D-4A0D-9097-A8F8E544D981}.Debug|Any CPU.ActiveCfg = Debug|Any CPU
		{430ECBF2-004D-4A0D-9097-A8F8E544D981}.Debug|Any CPU.Build.0 = Debug|Any CPU
		{430ECBF2-004D-4A0D-9097-A8F8E544D981}.Debug|Any CPU.Deploy.0 = Debug|Any CPU
		{430ECBF2-004D-4A0D-9097-A8F8E544D981}.Release|Any CPU.ActiveCfg = Release|Any CPU
		{430ECBF2-004D-4A0D-9097-A8F8E544D981}.Release|Any CPU.Build.0 = Release|Any CPU
		{430ECBF2-004D-4A0D-9097-A8F8E544D981}.Release|Any CPU.Deploy.0 = Release|Any CPU
		{AFF5B32C-8F8D-4290-9A81-97990ADF59DA}.Debug|Any CPU.ActiveCfg = Debug|Any CPU
		{AFF5B32C-8F8D-4290-9A81-97990ADF59DA}.Debug|Any CPU.Build.0 = Debug|Any CPU
		{AFF5B32C-8F8D-4290-9A81-97990ADF59DA}.Debug|Any CPU.Deploy.0 = Debug|Any CPU
		{AFF5B32C-8F8D-4290-9A81-97990ADF59DA}.Release|Any CPU.ActiveCfg = Release|Any CPU
		{AFF5B32C-8F8D-4290-9A81-97990ADF59DA}.Release|Any CPU.Build.0 = Release|Any CPU
		{AFF5B32C-8F8D-4290-9A81-97990ADF59DA}.Release|Any CPU.Deploy.0 = Release|Any CPU
		{5098BC99-8A9A-4601-AFFA-B9ACFC0B8058}.Debug|Any CPU.ActiveCfg = Debug|Any CPU
		{5098BC99-8A9A-4601-AFFA-B9ACFC0B8058}.Debug|Any CPU.Build.0 = Debug|Any CPU
		{5098BC99-8A9A-4601-AFFA-B9ACFC0B8058}.Release|Any CPU.ActiveCfg = Release|Any CPU
		{5098BC99-8A9A-4601-AFFA-B9ACFC0B8058}.Release|Any CPU.Build.0 = Release|Any CPU
	EndGlobalSection
	GlobalSection(SolutionProperties) = preSolution
		HideSolutionNode = FALSE
	EndGlobalSection
	GlobalSection(NestedProjects) = preSolution
		{EFAEB0A5-CB51-4030-8CA7-9A3B83736504} = {EB041C76-208C-4CA0-BB68-A6F591B4F362}
		{E7686313-7580-49E9-ABC1-8AC66A52C22F} = {C3BC2B13-C8DC-46E9-A382-589C681C85A3}
		{94A174F3-8B14-41D6-AF07-171B6D8C47A8} = {3CAF193D-698F-4B50-A828-B07DE06880AA}
		{581CF9C8-DF0D-409A-9E5C-94836100C195} = {823E3023-0D2A-479D-A696-8CA8C5689D4C}
		{F7708F0D-59A9-43AE-AFAC-5027672DA100} = {BAB2CB7A-FE5A-49AE-8C17-06DBE8A575BB}
		{2024F522-1957-46F1-AB8D-D5573BBFBB08} = {BAB2CB7A-FE5A-49AE-8C17-06DBE8A575BB}
		{D9CC5F85-2974-4DBB-8B55-B7D8927E083E} = {2247C3C9-A5C7-48FF-AACD-1921D5427D59}
		{5B6716E3-C239-45FB-8026-D2B5F9635B8A} = {BAB2CB7A-FE5A-49AE-8C17-06DBE8A575BB}
		{05DD236A-284B-4093-9296-362A98C94D07} = {CBFC0559-49EF-49FE-897B-C44D1AB49C84}
		{8B867349-7920-4B65-82E8-0B4E4BA243FE} = {CBFC0559-49EF-49FE-897B-C44D1AB49C84}
		{C950C945-163A-4029-82DA-4D2376FF9A9A} = {CBFC0559-49EF-49FE-897B-C44D1AB49C84}
		{4E692A5D-1A7A-4897-BC54-C5A4382C2F79} = {CBFC0559-49EF-49FE-897B-C44D1AB49C84}
		{FC60D3CA-EEE9-419C-B727-F571E8F8FE9F} = {CBFC0559-49EF-49FE-897B-C44D1AB49C84}
		{FD84E341-A502-4187-9BF7-201BA99157CC} = {CBFC0559-49EF-49FE-897B-C44D1AB49C84}
		{B87EE205-B1E9-4AFE-B851-F2F4A1B96D6E} = {823E3023-0D2A-479D-A696-8CA8C5689D4C}
		{FBB27A36-F052-42F7-9A3B-12605B52C8B8} = {CBFC0559-49EF-49FE-897B-C44D1AB49C84}
		{430ECBF2-004D-4A0D-9097-A8F8E544D981} = {CBFC0559-49EF-49FE-897B-C44D1AB49C84}
		{AFF5B32C-8F8D-4290-9A81-97990ADF59DA} = {CBFC0559-49EF-49FE-897B-C44D1AB49C84}
		{5098BC99-8A9A-4601-AFFA-B9ACFC0B8058} = {6EC73DEA-31EC-4EF4-BFF0-B54499EF6407}
	EndGlobalSection
	GlobalSection(ExtensibilityGlobals) = postSolution
		SolutionGuid = {4A59E7FF-0501-48C9-AC40-671543589E66}
	EndGlobalSection
EndGlobal
